
Microsoft Visual Studio Solution File, Format Version 11.00
# Visual Studio 2010
Project("{FAE04EC0-301F-11D3-BF4B-00C04F79EFBC}") = "Caso14.Negocio", "Caso14.Negocio\Caso14.Negocio.csproj", "{FFE2A73D-45E5-4370-9162-A13D973E5AC9}"
EndProject
Project("{FAE04EC0-301F-11D3-BF4B-00C04F79EFBC}") = "WebCaso14_Residentes", "WebCaso14\WebCaso14_Residentes.csproj", "{0BC2FF7D-63A9-4A47-841F-18C9B26BB077}"
	ProjectSection(ProjectDependencies) = postProject
		{5479B109-CFAF-4B71-8AEB-1C4FCFF1AFDB} = {5479B109-CFAF-4B71-8AEB-1C4FCFF1AFDB}
	EndProjectSection
EndProject
Project("{FAE04EC0-301F-11D3-BF4B-00C04F79EFBC}") = "WebCaso14_Inicio", "WebCaso14_Inicio\WebCaso14_Inicio.csproj", "{4D0DE9D6-1AEF-40E0-B1F9-39B13B9FA1A1}"
	ProjectSection(ProjectDependencies) = postProject
		{5479B109-CFAF-4B71-8AEB-1C4FCFF1AFDB} = {5479B109-CFAF-4B71-8AEB-1C4FCFF1AFDB}
	EndProjectSection
EndProject
Project("{FAE04EC0-301F-11D3-BF4B-00C04F79EFBC}") = "WebCaso14_Directiva", "WebCaso14_Directiva\WebCaso14_Directiva.csproj", "{D2A74398-B4E3-4E1A-8392-2658E2BDA2E7}"
	ProjectSection(ProjectDependencies) = postProject
		{5479B109-CFAF-4B71-8AEB-1C4FCFF1AFDB} = {5479B109-CFAF-4B71-8AEB-1C4FCFF1AFDB}
	EndProjectSection
EndProject
Project("{FAE04EC0-301F-11D3-BF4B-00C04F79EFBC}") = "WebCaso14_Conserje", "WebCaso14_Conserje\WebCaso14_Conserje.csproj", "{E5F2CCE6-303F-4DD3-B35A-F9C849A37FFF}"
	ProjectSection(ProjectDependencies) = postProject
		{5479B109-CFAF-4B71-8AEB-1C4FCFF1AFDB} = {5479B109-CFAF-4B71-8AEB-1C4FCFF1AFDB}
	EndProjectSection
EndProject
Project("{FAE04EC0-301F-11D3-BF4B-00C04F79EFBC}") = "WebCaso14_Administrador", "WebCaso14_Administrador\WebCaso14_Administrador.csproj", "{D31B865F-DEAF-42DF-B146-C0ED19C98AA5}"
	ProjectSection(ProjectDependencies) = postProject
		{5479B109-CFAF-4B71-8AEB-1C4FCFF1AFDB} = {5479B109-CFAF-4B71-8AEB-1C4FCFF1AFDB}
	EndProjectSection
EndProject
Project("{FAE04EC0-301F-11D3-BF4B-00C04F79EFBC}") = "Caso14.Datos", "Caso14.Datos\Caso14.Datos.csproj", "{A8842760-BB5A-4EF1-B314-F194AE700D18}"
EndProject
Project("{FAE04EC0-301F-11D3-BF4B-00C04F79EFBC}") = "---- Consola de Test", "ConsoleApplication1\---- Consola de Test.csproj", "{F5E1A21E-B7C8-44B1-A97F-1D69D9F48296}"
EndProject
Project("{FAE04EC0-301F-11D3-BF4B-00C04F79EFBC}") = "WcfService1", "WcfService1\WcfService1.csproj", "{5479B109-CFAF-4B71-8AEB-1C4FCFF1AFDB}"
EndProject
Global
	GlobalSection(SolutionConfigurationPlatforms) = preSolution
		Debug|Any CPU = Debug|Any CPU
		Debug|Mixed Platforms = Debug|Mixed Platforms
		Debug|x86 = Debug|x86
		Release|Any CPU = Release|Any CPU
		Release|Mixed Platforms = Release|Mixed Platforms
		Release|x86 = Release|x86
	EndGlobalSection
	GlobalSection(ProjectConfigurationPlatforms) = postSolution
		{FFE2A73D-45E5-4370-9162-A13D973E5AC9}.Debug|Any CPU.ActiveCfg = Debug|Any CPU
		{FFE2A73D-45E5-4370-9162-A13D973E5AC9}.Debug|Any CPU.Build.0 = Debug|Any CPU
		{FFE2A73D-45E5-4370-9162-A13D973E5AC9}.Debug|Mixed Platforms.ActiveCfg = Debug|Any CPU
		{FFE2A73D-45E5-4370-9162-A13D973E5AC9}.Debug|Mixed Platforms.Build.0 = Debug|Any CPU
		{FFE2A73D-45E5-4370-9162-A13D973E5AC9}.Debug|x86.ActiveCfg = Debug|Any CPU
		{FFE2A73D-45E5-4370-9162-A13D973E5AC9}.Release|Any CPU.ActiveCfg = Release|Any CPU
		{FFE2A73D-45E5-4370-9162-A13D973E5AC9}.Release|Any CPU.Build.0 = Release|Any CPU
		{FFE2A73D-45E5-4370-9162-A13D973E5AC9}.Release|Mixed Platforms.ActiveCfg = Release|Any CPU
		{FFE2A73D-45E5-4370-9162-A13D973E5AC9}.Release|Mixed Platforms.Build.0 = Release|Any CPU
		{FFE2A73D-45E5-4370-9162-A13D973E5AC9}.Release|x86.ActiveCfg = Release|Any CPU
		{0BC2FF7D-63A9-4A47-841F-18C9B26BB077}.Debug|Any CPU.ActiveCfg = Debug|Any CPU
		{0BC2FF7D-63A9-4A47-841F-18C9B26BB077}.Debug|Any CPU.Build.0 = Debug|Any CPU
		{0BC2FF7D-63A9-4A47-841F-18C9B26BB077}.Debug|Mixed Platforms.ActiveCfg = Debug|Any CPU
		{0BC2FF7D-63A9-4A47-841F-18C9B26BB077}.Debug|Mixed Platforms.Build.0 = Debug|Any CPU
		{0BC2FF7D-63A9-4A47-841F-18C9B26BB077}.Debug|x86.ActiveCfg = Debug|Any CPU
		{0BC2FF7D-63A9-4A47-841F-18C9B26BB077}.Release|Any CPU.ActiveCfg = Release|Any CPU
		{0BC2FF7D-63A9-4A47-841F-18C9B26BB077}.Release|Any CPU.Build.0 = Release|Any CPU
		{0BC2FF7D-63A9-4A47-841F-18C9B26BB077}.Release|Mixed Platforms.ActiveCfg = Release|Any CPU
		{0BC2FF7D-63A9-4A47-841F-18C9B26BB077}.Release|Mixed Platforms.Build.0 = Release|Any CPU
		{0BC2FF7D-63A9-4A47-841F-18C9B26BB077}.Release|x86.ActiveCfg = Release|Any CPU
		{4D0DE9D6-1AEF-40E0-B1F9-39B13B9FA1A1}.Debug|Any CPU.ActiveCfg = Debug|Any CPU
		{4D0DE9D6-1AEF-40E0-B1F9-39B13B9FA1A1}.Debug|Any CPU.Build.0 = Debug|Any CPU
		{4D0DE9D6-1AEF-40E0-B1F9-39B13B9FA1A1}.Debug|Mixed Platforms.ActiveCfg = Debug|Any CPU
		{4D0DE9D6-1AEF-40E0-B1F9-39B13B9FA1A1}.Debug|Mixed Platforms.Build.0 = Debug|Any CPU
		{4D0DE9D6-1AEF-40E0-B1F9-39B13B9FA1A1}.Debug|x86.ActiveCfg = Debug|Any CPU
		{4D0DE9D6-1AEF-40E0-B1F9-39B13B9FA1A1}.Release|Any CPU.ActiveCfg = Release|Any CPU
		{4D0DE9D6-1AEF-40E0-B1F9-39B13B9FA1A1}.Release|Any CPU.Build.0 = Release|Any CPU
		{4D0DE9D6-1AEF-40E0-B1F9-39B13B9FA1A1}.Release|Mixed Platforms.ActiveCfg = Release|Any CPU
		{4D0DE9D6-1AEF-40E0-B1F9-39B13B9FA1A1}.Release|Mixed Platforms.Build.0 = Release|Any CPU
		{4D0DE9D6-1AEF-40E0-B1F9-39B13B9FA1A1}.Release|x86.ActiveCfg = Release|Any CPU
		{D2A74398-B4E3-4E1A-8392-2658E2BDA2E7}.Debug|Any CPU.ActiveCfg = Debug|Any CPU
		{D2A74398-B4E3-4E1A-8392-2658E2BDA2E7}.Debug|Any CPU.Build.0 = Debug|Any CPU
		{D2A74398-B4E3-4E1A-8392-2658E2BDA2E7}.Debug|Mixed Platforms.ActiveCfg = Debug|Any CPU
		{D2A74398-B4E3-4E1A-8392-2658E2BDA2E7}.Debug|Mixed Platforms.Build.0 = Debug|Any CPU
		{D2A74398-B4E3-4E1A-8392-2658E2BDA2E7}.Debug|x86.ActiveCfg = Debug|Any CPU
		{D2A74398-B4E3-4E1A-8392-2658E2BDA2E7}.Release|Any CPU.ActiveCfg = Release|Any CPU
		{D2A74398-B4E3-4E1A-8392-2658E2BDA2E7}.Release|Any CPU.Build.0 = Release|Any CPU
		{D2A74398-B4E3-4E1A-8392-2658E2BDA2E7}.Release|Mixed Platforms.ActiveCfg = Release|Any CPU
		{D2A74398-B4E3-4E1A-8392-2658E2BDA2E7}.Release|Mixed Platforms.Build.0 = Release|Any CPU
		{D2A74398-B4E3-4E1A-8392-2658E2BDA2E7}.Release|x86.ActiveCfg = Release|Any CPU
		{E5F2CCE6-303F-4DD3-B35A-F9C849A37FFF}.Debug|Any CPU.ActiveCfg = Debug|Any CPU
		{E5F2CCE6-303F-4DD3-B35A-F9C849A37FFF}.Debug|Any CPU.Build.0 = Debug|Any CPU
		{E5F2CCE6-303F-4DD3-B35A-F9C849A37FFF}.Debug|Mixed Platforms.ActiveCfg = Debug|Any CPU
		{E5F2CCE6-303F-4DD3-B35A-F9C849A37FFF}.Debug|Mixed Platforms.Build.0 = Debug|Any CPU
		{E5F2CCE6-303F-4DD3-B35A-F9C849A37FFF}.Debug|x86.ActiveCfg = Debug|Any CPU
		{E5F2CCE6-303F-4DD3-B35A-F9C849A37FFF}.Release|Any CPU.ActiveCfg = Release|Any CPU
		{E5F2CCE6-303F-4DD3-B35A-F9C849A37FFF}.Release|Any CPU.Build.0 = Release|Any CPU
		{E5F2CCE6-303F-4DD3-B35A-F9C849A37FFF}.Release|Mixed Platforms.ActiveCfg = Release|Any CPU
		{E5F2CCE6-303F-4DD3-B35A-F9C849A37FFF}.Release|Mixed Platforms.Build.0 = Release|Any CPU
		{E5F2CCE6-303F-4DD3-B35A-F9C849A37FFF}.Release|x86.ActiveCfg = Release|Any CPU
		{D31B865F-DEAF-42DF-B146-C0ED19C98AA5}.Debug|Any CPU.ActiveCfg = Debug|Any CPU
		{D31B865F-DEAF-42DF-B146-C0ED19C98AA5}.Debug|Any CPU.Build.0 = Debug|Any CPU
		{D31B865F-DEAF-42DF-B146-C0ED19C98AA5}.Debug|Mixed Platforms.ActiveCfg = Debug|Any CPU
		{D31B865F-DEAF-42DF-B146-C0ED19C98AA5}.Debug|Mixed Platforms.Build.0 = Debug|Any CPU
		{D31B865F-DEAF-42DF-B146-C0ED19C98AA5}.Debug|x86.ActiveCfg = Debug|Any CPU
		{D31B865F-DEAF-42DF-B146-C0ED19C98AA5}.Release|Any CPU.ActiveCfg = Release|Any CPU
		{D31B865F-DEAF-42DF-B146-C0ED19C98AA5}.Release|Any CPU.Build.0 = Release|Any CPU
		{D31B865F-DEAF-42DF-B146-C0ED19C98AA5}.Release|Mixed Platforms.ActiveCfg = Release|Any CPU
		{D31B865F-DEAF-42DF-B146-C0ED19C98AA5}.Release|Mixed Platforms.Build.0 = Release|Any CPU
		{D31B865F-DEAF-42DF-B146-C0ED19C98AA5}.Release|x86.ActiveCfg = Release|Any CPU
		{A8842760-BB5A-4EF1-B314-F194AE700D18}.Debug|Any CPU.ActiveCfg = Debug|Any CPU
		{A8842760-BB5A-4EF1-B314-F194AE700D18}.Debug|Any CPU.Build.0 = Debug|Any CPU
		{A8842760-BB5A-4EF1-B314-F194AE700D18}.Debug|Mixed Platforms.ActiveCfg = Debug|Any CPU
		{A8842760-BB5A-4EF1-B314-F194AE700D18}.Debug|Mixed Platforms.Build.0 = Debug|Any CPU
		{A8842760-BB5A-4EF1-B314-F194AE700D18}.Debug|x86.ActiveCfg = Debug|Any CPU
		{A8842760-BB5A-4EF1-B314-F194AE700D18}.Release|Any CPU.ActiveCfg = Release|Any CPU
		{A8842760-BB5A-4EF1-B314-F194AE700D18}.Release|Any CPU.Build.0 = Release|Any CPU
		{A8842760-BB5A-4EF1-B314-F194AE700D18}.Release|Mixed Platforms.ActiveCfg = Release|Any CPU
		{A8842760-BB5A-4EF1-B314-F194AE700D18}.Release|Mixed Platforms.Build.0 = Release|Any CPU
		{A8842760-BB5A-4EF1-B314-F194AE700D18}.Release|x86.ActiveCfg = Release|Any CPU
		{F5E1A21E-B7C8-44B1-A97F-1D69D9F48296}.Debug|Any CPU.ActiveCfg = Debug|x86
		{F5E1A21E-B7C8-44B1-A97F-1D69D9F48296}.Debug|Mixed Platforms.ActiveCfg = Debug|x86
		{F5E1A21E-B7C8-44B1-A97F-1D69D9F48296}.Debug|Mixed Platforms.Build.0 = Debug|x86
		{F5E1A21E-B7C8-44B1-A97F-1D69D9F48296}.Debug|x86.ActiveCfg = Debug|x86
		{F5E1A21E-B7C8-44B1-A97F-1D69D9F48296}.Debug|x86.Build.0 = Debug|x86
		{F5E1A21E-B7C8-44B1-A97F-1D69D9F48296}.Release|Any CPU.ActiveCfg = Release|x86
		{F5E1A21E-B7C8-44B1-A97F-1D69D9F48296}.Release|Mixed Platforms.ActiveCfg = Release|x86
		{F5E1A21E-B7C8-44B1-A97F-1D69D9F48296}.Release|Mixed Platforms.Build.0 = Release|x86
		{F5E1A21E-B7C8-44B1-A97F-1D69D9F48296}.Release|x86.ActiveCfg = Release|x86
		{F5E1A21E-B7C8-44B1-A97F-1D69D9F48296}.Release|x86.Build.0 = Release|x86
		{5479B109-CFAF-4B71-8AEB-1C4FCFF1AFDB}.Debug|Any CPU.ActiveCfg = Debug|Any CPU
		{5479B109-CFAF-4B71-8AEB-1C4FCFF1AFDB}.Debug|Any CPU.Build.0 = Debug|Any CPU
		{5479B109-CFAF-4B71-8AEB-1C4FCFF1AFDB}.Debug|Mixed Platforms.ActiveCfg = Debug|Any CPU
		{5479B109-CFAF-4B71-8AEB-1C4FCFF1AFDB}.Debug|Mixed Platforms.Build.0 = Debug|Any CPU
		{5479B109-CFAF-4B71-8AEB-1C4FCFF1AFDB}.Debug|x86.ActiveCfg = Debug|Any CPU
		{5479B109-CFAF-4B71-8AEB-1C4FCFF1AFDB}.Release|Any CPU.ActiveCfg = Release|Any CPU
		{5479B109-CFAF-4B71-8AEB-1C4FCFF1AFDB}.Release|Any CPU.Build.0 = Release|Any CPU
		{5479B109-CFAF-4B71-8AEB-1C4FCFF1AFDB}.Release|Mixed Platforms.ActiveCfg = Release|Any CPU
		{5479B109-CFAF-4B71-8AEB-1C4FCFF1AFDB}.Release|Mixed Platforms.Build.0 = Release|Any CPU
		{5479B109-CFAF-4B71-8AEB-1C4FCFF1AFDB}.Release|x86.ActiveCfg = Release|Any CPU
	EndGlobalSection
	GlobalSection(SolutionProperties) = preSolution
		HideSolutionNode = FALSE
	EndGlobalSection
EndGlobal
